
Microsoft Visual Studio Solution File, Format Version 12.00
# Visual Studio Version 17
VisualStudioVersion = 17.7.33920.267
MinimumVisualStudioVersion = 10.0.40219.1
Project("{FAE04EC0-301F-11D3-BF4B-00C04F79EFBC}") = "GameDemo", "GameDemo.csproj", "{9FFE35EF-CCF2-453D-BEE0-625ED1522145}"
EndProject
Global
	GlobalSection(SolutionConfigurationPlatforms) = preSolution
		Debug|Any CPU = Debug|Any CPU
		Release|Any CPU = Release|Any CPU
	EndGlobalSection
	GlobalSection(ProjectConfigurationPlatforms) = postSolution
		{9FFE35EF-CCF2-453D-BEE0-625ED1522145}.Debug|Any CPU.ActiveCfg = Debug|Any CPU
		{9FFE35EF-CCF2-453D-BEE0-625ED1522145}.Debug|Any CPU.Build.0 = Debug|Any CPU
		{9FFE35EF-CCF2-453D-BEE0-625ED1522145}.Release|Any CPU.ActiveCfg = Release|Any CPU
		{9FFE35EF-CCF2-453D-BEE0-625ED1522145}.Release|Any CPU.Build.0 = Release|Any CPU
	EndGlobalSection
	GlobalSection(SolutionProperties) = preSolution
		HideSolutionNode = FALSE
	EndGlobalSection
	GlobalSection(ExtensibilityGlobals) = postSolution
		SolutionGuid = {9F93C9B4-DCA5-451A-B587-675CD6054486}
	EndGlobalSection
EndGlobal
